{
  "name": "bpmnlint-plugin-camunda-ai",
  "version": "0.1.0",
  "lockfileVersion": 3,
  "requires": true,
  "packages": {
    "": {
      "name": "bpmnlint-plugin-camunda-ai",
      "version": "0.1.0",
      "license": "MIT",
      "devDependencies": {
        "bpmn-moddle": "^10.0.0",
        "bpmnlint": "^11.0.0",
        "zeebe-bpmn-moddle": "^1.13.0"
      },
      "peerDependencies": {
        "bpmnlint": ">=10"
      }
    },
    "node_modules/@bpmn-io/moddle-utils": {
      "version": "0.3.0",
      "resolved": "https://registry.npmjs.org/@bpmn-io/moddle-utils/-/moddle-utils-0.3.0.tgz",
      "integrity": "sha512-0kz2PKfjIH3XFtO9Koxh7jV8e1DWWs4rgp0IczhJgluoRHf9Jhq8zX1H3wGJu6+lpg1Rkzc6YW1ezKz+2K8wTg==",
      "dev": true,
      "license": "MIT",
      "dependencies": {
        "min-dash": "^5.0.0"
      }
    },
    "node_modules/ansi-colors": {
      "version": "4.1.3",
      "resolved": "https://registry.npmjs.org/ansi-colors/-/ansi-colors-4.1.3.tgz",
      "integrity": "sha512-/6w/C21Pm1A7aZitlI5Ni/2J6FFQN8i1Cvz3kHABAAbw93v/NlvKdVOqz7CCWz/3iv/JplRSEEZ83XION15ovw==",
      "dev": true,
      "license": "MIT",
      "engines": {
        "node": ">=6"
      }
    },
    "node_modules/bpmn-moddle": {
      "version": "10.0.0",
      "resolved": "https://registry.npmjs.org/bpmn-moddle/-/bpmn-moddle-10.0.0.tgz",
      "integrity": "sha512-vXePD5jkatcILmM3zwJG/m6IIHIghTGB7WvgcdEraEw8E8VdJHrTgrvBUhbzqaXJpnsGQz15QS936xeBY6l9aA==",
      "dev": true,
      "license": "MIT",
      "dependencies": {
        "min-dash": "^5.0.0",
        "moddle": "^8.0.0",
        "moddle-xml": "^12.0.0"
      },
      "engines": {
        "node": ">= 20.12"
      }
    },
    "node_modules/bpmnlint": {
      "version": "11.12.1",
      "resolved": "https://registry.npmjs.org/bpmnlint/-/bpmnlint-11.12.1.tgz",
      "integrity": "sha512-s/V68yzJU/ko7ea6ljp/xUUC8PUN+fzZaqI+votu0DPzDc6OqvpBcKzw7rMpqS4WPw/HOW3cLw/C2poWilClCw==",
      "dev": true,
      "license": "MIT",
      "dependencies": {
        "@bpmn-io/moddle-utils": "^0.3.0",
        "ansi-colors": "^4.1.3",
        "bpmn-moddle": "^10.0.0",
        "bpmnlint-utils": "^1.1.1",
        "cli-table": "^0.3.11",
        "color-support": "^1.1.3",
        "min-dash": "^5.0.0",
        "mri": "^1.2.0",
        "pluralize": "^8.0.0",
        "tiny-glob": "^0.2.9"
      },
      "bin": {
        "bpmnlint": "bin/bpmnlint.js"
      },
      "engines": {
        "node": ">= 20"
      }
    },
    "node_modules/bpmnlint-utils": {
      "version": "1.1.1",
      "resolved": "https://registry.npmjs.org/bpmnlint-utils/-/bpmnlint-utils-1.1.1.tgz",
      "integrity": "sha512-Afdb77FmwNB3INyUfbzXW40yY+mc0qYU3SgDFeI4zTtduiVomOlfqoXiEaUIGI8Hyh7aVYpmf3O97P2w7x0DYQ==",
      "dev": true,
      "license": "MIT"
    },
    "node_modules/cli-table": {
      "version": "0.3.11",
      "resolved": "https://registry.npmjs.org/cli-table/-/cli-table-0.3.11.tgz",
      "integrity": "sha512-IqLQi4lO0nIB4tcdTpN4LCB9FI3uqrJZK7RC515EnhZ6qBaglkIgICb1wjeAqpdoOabm1+SuQtkXIPdYC93jhQ==",
      "dev": true,
      "dependencies": {
        "colors": "1.0.3"
      },
      "engines": {
        "node": ">= 0.2.0"
      }
    },
    "node_modules/color-support": {
      "version": "1.1.3",
      "resolved": "https://registry.npmjs.org/color-support/-/color-support-1.1.3.tgz",
      "integrity": "sha512-qiBjkpbMLO/HL68y+lh4q0/O1MZFj2RX6X/KmMa3+gJD3z+WwI1ZzDHysvqHGS3mP6mznPckpXmw1nI9cJjyRg==",
      "dev": true,
      "license": "ISC",
      "bin": {
        "color-support": "bin.js"
      }
    },
    "node_modules/colors": {
      "version": "1.0.3",
      "resolved": "https://registry.npmjs.org/colors/-/colors-1.0.3.tgz",
      "integrity": "sha512-pFGrxThWcWQ2MsAz6RtgeWe4NK2kUE1WfsrvvlctdII745EW9I0yflqhe7++M5LEc7bV2c/9/5zc8sFcpL0Drw==",
      "dev": true,
      "license": "MIT",
      "engines": {
        "node": ">=0.1.90"
      }
    },
    "node_modules/globalyzer": {
      "version": "0.1.0",
      "resolved": "https://registry.npmjs.org/globalyzer/-/globalyzer-0.1.0.tgz",
      "integrity": "sha512-40oNTM9UfG6aBmuKxk/giHn5nQ8RVz/SS4Ir6zgzOv9/qC3kKZ9v4etGTcJbEl/NyVQH7FGU7d+X1egr57Md2Q==",
      "dev": true,
      "license": "MIT"
    },
    "node_modules/globrex": {
      "version": "0.1.2",
      "resolved": "https://registry.npmjs.org/globrex/-/globrex-0.1.2.tgz",
      "integrity": "sha512-uHJgbwAMwNFf5mLst7IWLNg14x1CkeqglJb/K3doi4dw6q2IvAAmM/Y81kevy83wP+Sst+nutFTYOGg3d1lsxg==",
      "dev": true,
      "license": "MIT"
    },
    "node_modules/min-dash": {
      "version": "5.0.0",
      "resolved": "https://registry.npmjs.org/min-dash/-/min-dash-5.0.0.tgz",
      "integrity": "sha512-EGuoBnVL7/Fnv2sqakpX5WGmZehZ3YMmLayT7sM8E9DRU74kkeyMg4Rik1lsOkR2GbFNeBca4/L+UfU6gF0Edw==",
      "dev": true,
      "license": "MIT"
    },
    "node_modules/moddle": {
      "version": "8.1.0",
      "resolved": "https://registry.npmjs.org/moddle/-/moddle-8.1.0.tgz",
      "integrity": "sha512-dBddc1CNuZHgro8nQWwfPZ2BkyLWdnxoNpPu9d+XKPN96DAiiBOeBw527ft++ebDuFez5PMdaR3pgUgoOaUGrA==",
      "dev": true,
      "license": "MIT",
      "dependencies": {
        "min-dash": "^5.0.0"
      }
    },
    "node_modules/moddle-xml": {
      "version": "12.0.0",
      "resolved": "https://registry.npmjs.org/moddle-xml/-/moddle-xml-12.0.0.tgz",
      "integrity": "sha512-NJc2+sCe4tvuGlaUBcoZcYf6j9f+z+qxHOyGm/LB3ZrlJXVPPHoBTg/KXgDRCufdBJhJ3AheFs3QU/abABNzRg==",
      "dev": true,
      "license": "MIT",
      "dependencies": {
        "min-dash": "^5.0.0",
        "saxen": "^11.0.2"
      },
      "engines": {
        "node": ">= 18"
      },
      "peerDependencies": {
        "moddle": ">= 6.2.0"
      }
    },
    "node_modules/mri": {
      "version": "1.2.0",
      "resolved": "https://registry.npmjs.org/mri/-/mri-1.2.0.tgz",
      "integrity": "sha512-tzzskb3bG8LvYGFF/mDTpq3jpI6Q9wc3LEmBaghu+DdCssd1FakN7Bc0hVNmEyGq1bq3RgfkCb3cmQLpNPOroA==",
      "dev": true,
      "license": "MIT",
      "engines": {
        "node": ">=4"
      }
    },
    "node_modules/pluralize": {
      "version": "8.0.0",
      "resolved": "https://registry.npmjs.org/pluralize/-/pluralize-8.0.0.tgz",
      "integrity": "sha512-Nc3IT5yHzflTfbjgqWcCPpo7DaKy4FnpB0l/zCAW0Tc7jxAiuqSxHasntB3D7887LSrA93kDJ9IXovxJYxyLCA==",
      "dev": true,
      "license": "MIT",
      "engines": {
        "node": ">=4"
      }
    },
    "node_modules/saxen": {
      "version": "11.0.2",
      "resolved": "https://registry.npmjs.org/saxen/-/saxen-11.0.2.tgz",
      "integrity": "sha512-WDb4gqac8uiJzOdOdVpr9NWh9NrJMm7Brn5GX2Poj+mjE/QTXqYQENr8T/mom54dDDgbd3QjwTg23TRHYiWXRA==",
      "dev": true,
      "license": "MIT",
      "engines": {
        "node": ">= 20.12"
      }
    },
    "node_modules/tiny-glob": {
      "version": "0.2.9",
      "resolved": "https://registry.npmjs.org/tiny-glob/-/tiny-glob-0.2.9.tgz",
      "integrity": "sha512-g/55ssRPUjShh+xkfx9UPDXqhckHEsHr4Vd9zX55oSdGZc/MD0m3sferOkwWtp98bv+kcVfEHtRJgBVJzelrzg==",
      "dev": true,
      "license": "MIT",
      "dependencies": {
        "globalyzer": "0.1.0",
        "globrex": "^0.1.2"
      }
    },
    "node_modules/zeebe-bpmn-moddle": {
      "version": "1.13.0",
      "resolved": "https://registry.npmjs.org/zeebe-bpmn-moddle/-/zeebe-bpmn-moddle-1.13.0.tgz",
      "integrity": "sha512-F5IGMleZo48OG3Q20TTBdQmIcnVZSzBjizUq3WyNm0WwNzaKyeTXu3LBheOFuVtm//inEBArv/t7FGQD16yXdg==",
      "dev": true,
      "license": "MIT"
    }
  }
}
